
Microsoft Visual Studio Solution File, Format Version 12.00
# Visual Studio Version 17
VisualStudioVersion = 17.11.35312.102
MinimumVisualStudioVersion = 10.0.40219.1
Project("{FAE04EC0-301F-11D3-BF4B-00C04F79EFBC}") = "Memory_game_T2", "Memory_game_T2\Memory_game_T2.csproj", "{BCFA5498-B694-4208-AAE5-2AFEFF90D768}"
EndProject
Global
	GlobalSection(SolutionConfigurationPlatforms) = preSolution
		Debug|Any CPU = Debug|Any CPU
		Release|Any CPU = Release|Any CPU
	EndGlobalSection
	GlobalSection(ProjectConfigurationPlatforms) = postSolution
		{BCFA5498-B694-4208-AAE5-2AFEFF90D768}.Debug|Any CPU.ActiveCfg = Debug|Any CPU
		{BCFA5498-B694-4208-AAE5-2AFEFF90D768}.Debug|Any CPU.Build.0 = Debug|Any CPU
		{BCFA5498-B694-4208-AAE5-2AFEFF90D768}.Release|Any CPU.ActiveCfg = Release|Any CPU
		{BCFA5498-B694-4208-AAE5-2AFEFF90D768}.Release|Any CPU.Build.0 = Release|Any CPU
	EndGlobalSection
	GlobalSection(SolutionProperties) = preSolution
		HideSolutionNode = FALSE
	EndGlobalSection
	GlobalSection(ExtensibilityGlobals) = postSolution
		SolutionGuid = {48E60DA7-018A-4A85-BFD7-E96774A38534}
	EndGlobalSection
EndGlobal
